
Microsoft Visual Studio Solution File, Format Version 12.00
# Visual Studio Version 17
VisualStudioVersion = 17.6.33723.286
MinimumVisualStudioVersion = 10.0.40219.1
Project("{D954291E-2A0B-460D-934E-DC6B0785DB48}") = "Uefi", "Uefi.shproj", "{F2386177-3317-4509-870C-9A4889F157E7}"
EndProject
Global
	GlobalSection(SolutionProperties) = preSolution
		HideSolutionNode = FALSE
	EndGlobalSection
	GlobalSection(ExtensibilityGlobals) = postSolution
		SolutionGuid = {C8F36A71-2880-4FA1-A636-E4CA50C71357}
	EndGlobalSection
	GlobalSection(SharedMSBuildProjectFiles) = preSolution
		Uefi.projitems*{f2386177-3317-4509-870c-9a4889f157e7}*SharedItemsImports = 13
	EndGlobalSection
EndGlobal
