
Microsoft Visual Studio Solution File, Format Version 12.00
# Visual Studio Version 17
VisualStudioVersion = 17.6.33723.286
MinimumVisualStudioVersion = 10.0.40219.1
Project("{9A19103F-16F7-4668-BE54-9A1E7A4F7556}") = "Uefi", "Uefi.csproj", "{BD426F32-D23F-44FF-9696-38E0C8E07B20}"
EndProject
Global
	GlobalSection(SolutionConfigurationPlatforms) = preSolution
		Debug|Any CPU = Debug|Any CPU
		Release|Any CPU = Release|Any CPU
	EndGlobalSection
	GlobalSection(ProjectConfigurationPlatforms) = postSolution
		{BD426F32-D23F-44FF-9696-38E0C8E07B20}.Debug|Any CPU.ActiveCfg = Debug|Any CPU
		{BD426F32-D23F-44FF-9696-38E0C8E07B20}.Debug|Any CPU.Build.0 = Debug|Any CPU
		{BD426F32-D23F-44FF-9696-38E0C8E07B20}.Release|Any CPU.ActiveCfg = Release|Any CPU
		{BD426F32-D23F-44FF-9696-38E0C8E07B20}.Release|Any CPU.Build.0 = Release|Any CPU
	EndGlobalSection
	GlobalSection(SolutionProperties) = preSolution
		HideSolutionNode = FALSE
	EndGlobalSection
	GlobalSection(ExtensibilityGlobals) = postSolution
		SolutionGuid = {C8F36A71-2880-4FA1-A636-E4CA50C71357}
	EndGlobalSection
EndGlobal
